// !$*UTF8*$!
{
	archiveVersion = 1;
	classes = {
	};
	objectVersion = 56;
	objects = {

/* Begin PBXBuildFile section */
		841D61452B4AA06100147736 /* EmojiMixViewModel.swift in Sources */ = {isa = PBXBuildFile; fileRef = 841D61442B4AA06100147736 /* EmojiMixViewModel.swift */; };
		841D61482B4AD57C00147736 /* EmojiMixesViewModel.swift in Sources */ = {isa = PBXBuildFile; fileRef = 841D61472B4AD57C00147736 /* EmojiMixesViewModel.swift */; };
		841D614A2B4C1E9200147736 /* ObservableWrapper.swift in Sources */ = {isa = PBXBuildFile; fileRef = 841D61492B4C1E9200147736 /* ObservableWrapper.swift */; };
		8425DE602B164AA500FA1FD5 /* AppDelegate.swift in Sources */ = {isa = PBXBuildFile; fileRef = 8425DE5F2B164AA500FA1FD5 /* AppDelegate.swift */; };
		8425DE622B164AA500FA1FD5 /* SceneDelegate.swift in Sources */ = {isa = PBXBuildFile; fileRef = 8425DE612B164AA500FA1FD5 /* SceneDelegate.swift */; };
		8425DE642B164AA500FA1FD5 /* ViewController.swift in Sources */ = {isa = PBXBuildFile; fileRef = 8425DE632B164AA500FA1FD5 /* ViewController.swift */; };
		8425DE692B164AA700FA1FD5 /* Assets.xcassets in Resources */ = {isa = PBXBuildFile; fileRef = 8425DE682B164AA700FA1FD5 /* Assets.xcassets */; };
		8425DE6C2B164AA700FA1FD5 /* LaunchScreen.storyboard in Resources */ = {isa = PBXBuildFile; fileRef = 8425DE6A2B164AA700FA1FD5 /* LaunchScreen.storyboard */; };
		8425DE742B164B8100FA1FD5 /* EmojiCollectionViewCell.swift in Sources */ = {isa = PBXBuildFile; fileRef = 8425DE732B164B8100FA1FD5 /* EmojiCollectionViewCell.swift */; };
		849D20B42B36C3DB005F4576 /* Model.xcdatamodeld in Sources */ = {isa = PBXBuildFile; fileRef = 849D20B22B36C3DB005F4576 /* Model.xcdatamodeld */; };
		849D20E02B37F5F4005F4576 /* EmojiMixStore.swift in Sources */ = {isa = PBXBuildFile; fileRef = 849D20DF2B37F5F4005F4576 /* EmojiMixStore.swift */; };
		849D20E22B37F604005F4576 /* EmojiMixFactory.swift in Sources */ = {isa = PBXBuildFile; fileRef = 849D20E12B37F604005F4576 /* EmojiMixFactory.swift */; };
		849D20E42B37F60E005F4576 /* EmojiMix.swift in Sources */ = {isa = PBXBuildFile; fileRef = 849D20E32B37F60E005F4576 /* EmojiMix.swift */; };
		849D20E62B37F62A005F4576 /* UIColorMarshalling.swift in Sources */ = {isa = PBXBuildFile; fileRef = 849D20E52B37F62A005F4576 /* UIColorMarshalling.swift */; };
		84A4CA932B7E390B00073764 /* Localizable.xcstrings in Resources */ = {isa = PBXBuildFile; fileRef = 84A4CA922B7E390B00073764 /* Localizable.xcstrings */; };
		84A4CA952B7E394900073764 /* Localizable2.strings in Resources */ = {isa = PBXBuildFile; fileRef = 84A4CA942B7E394900073764 /* Localizable2.strings */; };
		84D366582B84915100BA186C /* InfoPlist.xcstrings in Resources */ = {isa = PBXBuildFile; fileRef = 84D366572B84915100BA186C /* InfoPlist.xcstrings */; };
/* End PBXBuildFile section */

/* Begin PBXFileReference section */
		841D61442B4AA06100147736 /* EmojiMixViewModel.swift */ = {isa = PBXFileReference; lastKnownFileType = sourcecode.swift; path = EmojiMixViewModel.swift; sourceTree = "<group>"; };
		841D61472B4AD57C00147736 /* EmojiMixesViewModel.swift */ = {isa = PBXFileReference; lastKnownFileType = sourcecode.swift; path = EmojiMixesViewModel.swift; sourceTree = "<group>"; };
		841D61492B4C1E9200147736 /* ObservableWrapper.swift */ = {isa = PBXFileReference; lastKnownFileType = sourcecode.swift; path = ObservableWrapper.swift; sourceTree = "<group>"; };
		8425DE5C2B164AA500FA1FD5 /* EmojiMixer.app */ = {isa = PBXFileReference; explicitFileType = wrapper.application; includeInIndex = 0; path = EmojiMixer.app; sourceTree = BUILT_PRODUCTS_DIR; };
		8425DE5F2B164AA500FA1FD5 /* AppDelegate.swift */ = {isa = PBXFileReference; lastKnownFileType = sourcecode.swift; path = AppDelegate.swift; sourceTree = "<group>"; };
		8425DE612B164AA500FA1FD5 /* SceneDelegate.swift */ = {isa = PBXFileReference; lastKnownFileType = sourcecode.swift; path = SceneDelegate.swift; sourceTree = "<group>"; };
		8425DE632B164AA500FA1FD5 /* ViewController.swift */ = {isa = PBXFileReference; lastKnownFileType = sourcecode.swift; path = ViewController.swift; sourceTree = "<group>"; };
		8425DE682B164AA700FA1FD5 /* Assets.xcassets */ = {isa = PBXFileReference; lastKnownFileType = folder.assetcatalog; path = Assets.xcassets; sourceTree = "<group>"; };
		8425DE6B2B164AA700FA1FD5 /* Base */ = {isa = PBXFileReference; lastKnownFileType = file.storyboard; name = Base; path = Base.lproj/LaunchScreen.storyboard; sourceTree = "<group>"; };
		8425DE6D2B164AA700FA1FD5 /* Info.plist */ = {isa = PBXFileReference; lastKnownFileType = text.plist.xml; path = Info.plist; sourceTree = "<group>"; };
		8425DE732B164B8100FA1FD5 /* EmojiCollectionViewCell.swift */ = {isa = PBXFileReference; lastKnownFileType = sourcecode.swift; path = EmojiCollectionViewCell.swift; sourceTree = "<group>"; };
		849D20B32B36C3DB005F4576 /* Model.xcdatamodel */ = {isa = PBXFileReference; lastKnownFileType = wrapper.xcdatamodel; path = Model.xcdatamodel; sourceTree = "<group>"; };
		849D20DF2B37F5F4005F4576 /* EmojiMixStore.swift */ = {isa = PBXFileReference; lastKnownFileType = sourcecode.swift; path = EmojiMixStore.swift; sourceTree = "<group>"; };
		849D20E12B37F604005F4576 /* EmojiMixFactory.swift */ = {isa = PBXFileReference; lastKnownFileType = sourcecode.swift; path = EmojiMixFactory.swift; sourceTree = "<group>"; };
		849D20E32B37F60E005F4576 /* EmojiMix.swift */ = {isa = PBXFileReference; lastKnownFileType = sourcecode.swift; path = EmojiMix.swift; sourceTree = "<group>"; };
		849D20E52B37F62A005F4576 /* UIColorMarshalling.swift */ = {isa = PBXFileReference; lastKnownFileType = sourcecode.swift; path = UIColorMarshalling.swift; sourceTree = "<group>"; };
		84A4CA922B7E390B00073764 /* Localizable.xcstrings */ = {isa = PBXFileReference; lastKnownFileType = text.json.xcstrings; path = Localizable.xcstrings; sourceTree = "<group>"; };
		84A4CA942B7E394900073764 /* Localizable2.strings */ = {isa = PBXFileReference; lastKnownFileType = text.plist.strings; path = Localizable2.strings; sourceTree = "<group>"; };
		84A4CA962B7F810800073764 /* de */ = {isa = PBXFileReference; lastKnownFileType = text.plist.strings; name = de; path = de.lproj/LaunchScreen.strings; sourceTree = "<group>"; };
		84A4CA972B7F811200073764 /* ar */ = {isa = PBXFileReference; lastKnownFileType = text.plist.strings; name = ar; path = ar.lproj/LaunchScreen.strings; sourceTree = "<group>"; };
		84D366572B84915100BA186C /* InfoPlist.xcstrings */ = {isa = PBXFileReference; lastKnownFileType = text.json.xcstrings; path = InfoPlist.xcstrings; sourceTree = "<group>"; };
/* End PBXFileReference section */

/* Begin PBXFrameworksBuildPhase section */
		8425DE592B164AA500FA1FD5 /* Frameworks */ = {
			isa = PBXFrameworksBuildPhase;
			buildActionMask = 2147483647;
			files = (
			);
			runOnlyForDeploymentPostprocessing = 0;
		};
/* End PBXFrameworksBuildPhase section */

/* Begin PBXGroup section */
		841D61462B4AA06900147736 /* UI */ = {
			isa = PBXGroup;
			children = (
				841D61442B4AA06100147736 /* EmojiMixViewModel.swift */,
				841D61472B4AD57C00147736 /* EmojiMixesViewModel.swift */,
			);
			path = UI;
			sourceTree = "<group>";
		};
		8425DE532B164AA500FA1FD5 = {
			isa = PBXGroup;
			children = (
				8425DE5E2B164AA500FA1FD5 /* EmojiMixer */,
				8425DE5D2B164AA500FA1FD5 /* Products */,
			);
			sourceTree = "<group>";
		};
		8425DE5D2B164AA500FA1FD5 /* Products */ = {
			isa = PBXGroup;
			children = (
				8425DE5C2B164AA500FA1FD5 /* EmojiMixer.app */,
			);
			name = Products;
			sourceTree = "<group>";
		};
		8425DE5E2B164AA500FA1FD5 /* EmojiMixer */ = {
			isa = PBXGroup;
			children = (
				849D20DE2B37F5BF005F4576 /* Services */,
				8425DE5F2B164AA500FA1FD5 /* AppDelegate.swift */,
				841D61462B4AA06900147736 /* UI */,
				8425DE612B164AA500FA1FD5 /* SceneDelegate.swift */,
				8425DE632B164AA500FA1FD5 /* ViewController.swift */,
				84A4CA912B7E389700073764 /* Resources */,
				8425DE732B164B8100FA1FD5 /* EmojiCollectionViewCell.swift */,
				849D20B22B36C3DB005F4576 /* Model.xcdatamodeld */,
				8425DE682B164AA700FA1FD5 /* Assets.xcassets */,
				8425DE6A2B164AA700FA1FD5 /* LaunchScreen.storyboard */,
				8425DE6D2B164AA700FA1FD5 /* Info.plist */,
				84D366572B84915100BA186C /* InfoPlist.xcstrings */,
			);
			path = EmojiMixer;
			sourceTree = "<group>";
		};
		849D20DE2B37F5BF005F4576 /* Services */ = {
			isa = PBXGroup;
			children = (
				849D20DF2B37F5F4005F4576 /* EmojiMixStore.swift */,
				849D20E12B37F604005F4576 /* EmojiMixFactory.swift */,
				849D20E32B37F60E005F4576 /* EmojiMix.swift */,
				849D20E52B37F62A005F4576 /* UIColorMarshalling.swift */,
				841D61492B4C1E9200147736 /* ObservableWrapper.swift */,
			);
			path = Services;
			sourceTree = "<group>";
		};
		84A4CA912B7E389700073764 /* Resources */ = {
			isa = PBXGroup;
			children = (
				84A4CA922B7E390B00073764 /* Localizable.xcstrings */,
				84A4CA942B7E394900073764 /* Localizable2.strings */,
			);
			path = Resources;
			sourceTree = "<group>";
		};
/* End PBXGroup section */

/* Begin PBXNativeTarget section */
		8425DE5B2B164AA500FA1FD5 /* EmojiMixer */ = {
			isa = PBXNativeTarget;
			buildConfigurationList = 8425DE702B164AA700FA1FD5 /* Build configuration list for PBXNativeTarget "EmojiMixer" */;
			buildPhases = (
				8425DE582B164AA500FA1FD5 /* Sources */,
				8425DE592B164AA500FA1FD5 /* Frameworks */,
				8425DE5A2B164AA500FA1FD5 /* Resources */,
			);
			buildRules = (
			);
			dependencies = (
			);
			name = EmojiMixer;
			productName = EmojiMixer;
			productReference = 8425DE5C2B164AA500FA1FD5 /* EmojiMixer.app */;
			productType = "com.apple.product-type.application";
		};
/* End PBXNativeTarget section */

/* Begin PBXProject section */
		8425DE542B164AA500FA1FD5 /* Project object */ = {
			isa = PBXProject;
			attributes = {
				BuildIndependentTargetsInParallel = 1;
				LastSwiftUpdateCheck = 1500;
				LastUpgradeCheck = 1500;
				TargetAttributes = {
					8425DE5B2B164AA500FA1FD5 = {
						CreatedOnToolsVersion = 15.0.1;
					};
				};
			};
			buildConfigurationList = 8425DE572B164AA500FA1FD5 /* Build configuration list for PBXProject "EmojiMixer" */;
			compatibilityVersion = "Xcode 14.0";
			developmentRegion = en;
			hasScannedForEncodings = 0;
			knownRegions = (
				en,
				Base,
				ru,
				de,
				ar,
			);
			mainGroup = 8425DE532B164AA500FA1FD5;
			productRefGroup = 8425DE5D2B164AA500FA1FD5 /* Products */;
			projectDirPath = "";
			projectRoot = "";
			targets = (
				8425DE5B2B164AA500FA1FD5 /* EmojiMixer */,
			);
		};
/* End PBXProject section */

/* Begin PBXResourcesBuildPhase section */
		8425DE5A2B164AA500FA1FD5 /* Resources */ = {
			isa = PBXResourcesBuildPhase;
			buildActionMask = 2147483647;
			files = (
				84A4CA952B7E394900073764 /* Localizable2.strings in Resources */,
				84D366582B84915100BA186C /* InfoPlist.xcstrings in Resources */,
				8425DE6C2B164AA700FA1FD5 /* LaunchScreen.storyboard in Resources */,
				8425DE692B164AA700FA1FD5 /* Assets.xcassets in Resources */,
				84A4CA932B7E390B00073764 /* Localizable.xcstrings in Resources */,
			);
			runOnlyForDeploymentPostprocessing = 0;
		};
/* End PBXResourcesBuildPhase section */

/* Begin PBXSourcesBuildPhase section */
		8425DE582B164AA500FA1FD5 /* Sources */ = {
			isa = PBXSourcesBuildPhase;
			buildActionMask = 2147483647;
			files = (
				8425DE642B164AA500FA1FD5 /* ViewController.swift in Sources */,
				8425DE602B164AA500FA1FD5 /* AppDelegate.swift in Sources */,
				841D61482B4AD57C00147736 /* EmojiMixesViewModel.swift in Sources */,
				849D20B42B36C3DB005F4576 /* Model.xcdatamodeld in Sources */,
				841D614A2B4C1E9200147736 /* ObservableWrapper.swift in Sources */,
				849D20E42B37F60E005F4576 /* EmojiMix.swift in Sources */,
				849D20E02B37F5F4005F4576 /* EmojiMixStore.swift in Sources */,
				849D20E22B37F604005F4576 /* EmojiMixFactory.swift in Sources */,
				8425DE622B164AA500FA1FD5 /* SceneDelegate.swift in Sources */,
				849D20E62B37F62A005F4576 /* UIColorMarshalling.swift in Sources */,
				841D61452B4AA06100147736 /* EmojiMixViewModel.swift in Sources */,
				8425DE742B164B8100FA1FD5 /* EmojiCollectionViewCell.swift in Sources */,
			);
			runOnlyForDeploymentPostprocessing = 0;
		};
/* End PBXSourcesBuildPhase section */

/* Begin PBXVariantGroup section */
		8425DE6A2B164AA700FA1FD5 /* LaunchScreen.storyboard */ = {
			isa = PBXVariantGroup;
			children = (
				8425DE6B2B164AA700FA1FD5 /* Base */,
				84A4CA962B7F810800073764 /* de */,
				84A4CA972B7F811200073764 /* ar */,
			);
			name = LaunchScreen.storyboard;
			sourceTree = "<group>";
		};
/* End PBXVariantGroup section */

/* Begin XCBuildConfiguration section */
		8425DE6E2B164AA700FA1FD5 /* Debug */ = {
			isa = XCBuildConfiguration;
			buildSettings = {
				ALWAYS_SEARCH_USER_PATHS = NO;
				ASSETCATALOG_COMPILER_GENERATE_SWIFT_ASSET_SYMBOL_EXTENSIONS = YES;
				CLANG_ANALYZER_NONNULL = YES;
				CLANG_ANALYZER_NUMBER_OBJECT_CONVERSION = YES_AGGRESSIVE;
				CLANG_CXX_LANGUAGE_STANDARD = "gnu++20";
				CLANG_ENABLE_MODULES = YES;
				CLANG_ENABLE_OBJC_ARC = YES;
				CLANG_ENABLE_OBJC_WEAK = YES;
				CLANG_WARN_BLOCK_CAPTURE_AUTORELEASING = YES;
				CLANG_WARN_BOOL_CONVERSION = YES;
				CLANG_WARN_COMMA = YES;
				CLANG_WARN_CONSTANT_CONVERSION = YES;
				CLANG_WARN_DEPRECATED_OBJC_IMPLEMENTATIONS = YES;
				CLANG_WARN_DIRECT_OBJC_ISA_USAGE = YES_ERROR;
				CLANG_WARN_DOCUMENTATION_COMMENTS = YES;
				CLANG_WARN_EMPTY_BODY = YES;
				CLANG_WARN_ENUM_CONVERSION = YES;
				CLANG_WARN_INFINITE_RECURSION = YES;
				CLANG_WARN_INT_CONVERSION = YES;
				CLANG_WARN_NON_LITERAL_NULL_CONVERSION = YES;
				CLANG_WARN_OBJC_IMPLICIT_RETAIN_SELF = YES;
				CLANG_WARN_OBJC_LITERAL_CONVERSION = YES;
				CLANG_WARN_OBJC_ROOT_CLASS = YES_ERROR;
				CLANG_WARN_QUOTED_INCLUDE_IN_FRAMEWORK_HEADER = YES;
				CLANG_WARN_RANGE_LOOP_ANALYSIS = YES;
				CLANG_WARN_STRICT_PROTOTYPES = YES;
				CLANG_WARN_SUSPICIOUS_MOVE = YES;
				CLANG_WARN_UNGUARDED_AVAILABILITY = YES_AGGRESSIVE;
				CLANG_WARN_UNREACHABLE_CODE = YES;
				CLANG_WARN__DUPLICATE_METHOD_MATCH = YES;
				COPY_PHASE_STRIP = NO;
				DEBUG_INFORMATION_FORMAT = dwarf;
				ENABLE_STRICT_OBJC_MSGSEND = YES;
				ENABLE_TESTABILITY = YES;
				ENABLE_USER_SCRIPT_SANDBOXING = YES;
				GCC_C_LANGUAGE_STANDARD = gnu17;
				GCC_DYNAMIC_NO_PIC = NO;
				GCC_NO_COMMON_BLOCKS = YES;
				GCC_OPTIMIZATION_LEVEL = 0;
				GCC_PREPROCESSOR_DEFINITIONS = (
					"DEBUG=1",
					"$(inherited)",
				);
				GCC_WARN_64_TO_32_BIT_CONVERSION = YES;
				GCC_WARN_ABOUT_RETURN_TYPE = YES_ERROR;
				GCC_WARN_UNDECLARED_SELECTOR = YES;
				GCC_WARN_UNINITIALIZED_AUTOS = YES_AGGRESSIVE;
				GCC_WARN_UNUSED_FUNCTION = YES;
				GCC_WARN_UNUSED_VARIABLE = YES;
				IPHONEOS_DEPLOYMENT_TARGET = 17.0;
				LOCALIZATION_PREFERS_STRING_CATALOGS = YES;
				MTL_ENABLE_DEBUG_INFO = INCLUDE_SOURCE;
				MTL_FAST_MATH = YES;
				ONLY_ACTIVE_ARCH = YES;
				SDKROOT = iphoneos;
				SWIFT_ACTIVE_COMPILATION_CONDITIONS = "DEBUG $(inherited)";
				SWIFT_OPTIMIZATION_LEVEL = "-Onone";
			};
			name = Debug;
		};
		8425DE6F2B164AA700FA1FD5 /* Release */ = {
			isa = XCBuildConfiguration;
			buildSettings = {
				ALWAYS_SEARCH_USER_PATHS = NO;
				ASSETCATALOG_COMPILER_GENERATE_SWIFT_ASSET_SYMBOL_EXTENSIONS = YES;
				CLANG_ANALYZER_NONNULL = YES;
				CLANG_ANALYZER_NUMBER_OBJECT_CONVERSION = YES_AGGRESSIVE;
				CLANG_CXX_LANGUAGE_STANDARD = "gnu++20";
				CLANG_ENABLE_MODULES = YES;
				CLANG_ENABLE_OBJC_ARC = YES;
				CLANG_ENABLE_OBJC_WEAK = YES;
				CLANG_WARN_BLOCK_CAPTURE_AUTORELEASING = YES;
				CLANG_WARN_BOOL_CONVERSION = YES;
				CLANG_WARN_COMMA = YES;
				CLANG_WARN_CONSTANT_CONVERSION = YES;
				CLANG_WARN_DEPRECATED_OBJC_IMPLEMENTATIONS = YES;
				CLANG_WARN_DIRECT_OBJC_ISA_USAGE = YES_ERROR;
				CLANG_WARN_DOCUMENTATION_COMMENTS = YES;
				CLANG_WARN_EMPTY_BODY = YES;
				CLANG_WARN_ENUM_CONVERSION = YES;
				CLANG_WARN_INFINITE_RECURSION = YES;
				CLANG_WARN_INT_CONVERSION = YES;
				CLANG_WARN_NON_LITERAL_NULL_CONVERSION = YES;
				CLANG_WARN_OBJC_IMPLICIT_RETAIN_SELF = YES;
				CLANG_WARN_OBJC_LITERAL_CONVERSION = YES;
				CLANG_WARN_OBJC_ROOT_CLASS = YES_ERROR;
				CLANG_WARN_QUOTED_INCLUDE_IN_FRAMEWORK_HEADER = YES;
				CLANG_WARN_RANGE_LOOP_ANALYSIS = YES;
				CLANG_WARN_STRICT_PROTOTYPES = YES;
				CLANG_WARN_SUSPICIOUS_MOVE = YES;
				CLANG_WARN_UNGUARDED_AVAILABILITY = YES_AGGRESSIVE;
				CLANG_WARN_UNREACHABLE_CODE = YES;
				CLANG_WARN__DUPLICATE_METHOD_MATCH = YES;
				COPY_PHASE_STRIP = NO;
				DEBUG_INFORMATION_FORMAT = "dwarf-with-dsym";
				ENABLE_NS_ASSERTIONS = NO;
				ENABLE_STRICT_OBJC_MSGSEND = YES;
				ENABLE_USER_SCRIPT_SANDBOXING = YES;
				GCC_C_LANGUAGE_STANDARD = gnu17;
				GCC_NO_COMMON_BLOCKS = YES;
				GCC_WARN_64_TO_32_BIT_CONVERSION = YES;
				GCC_WARN_ABOUT_RETURN_TYPE = YES_ERROR;
				GCC_WARN_UNDECLARED_SELECTOR = YES;
				GCC_WARN_UNINITIALIZED_AUTOS = YES_AGGRESSIVE;
				GCC_WARN_UNUSED_FUNCTION = YES;
				GCC_WARN_UNUSED_VARIABLE = YES;
				IPHONEOS_DEPLOYMENT_TARGET = 17.0;
				LOCALIZATION_PREFERS_STRING_CATALOGS = YES;
				MTL_ENABLE_DEBUG_INFO = NO;
				MTL_FAST_MATH = YES;
				SDKROOT = iphoneos;
				SWIFT_COMPILATION_MODE = wholemodule;
				VALIDATE_PRODUCT = YES;
			};
			name = Release;
		};
		8425DE712B164AA700FA1FD5 /* Debug */ = {
			isa = XCBuildConfiguration;
			buildSettings = {
				ASSETCATALOG_COMPILER_APPICON_NAME = AppIcon;
				ASSETCATALOG_COMPILER_GLOBAL_ACCENT_COLOR_NAME = AccentColor;
				CODE_SIGN_STYLE = Automatic;
				CURRENT_PROJECT_VERSION = 1;
				DEVELOPMENT_TEAM = VHDFTCABKC;
				GENERATE_INFOPLIST_FILE = YES;
				INFOPLIST_FILE = EmojiMixer/Info.plist;
				INFOPLIST_KEY_UIApplicationSupportsIndirectInputEvents = YES;
				INFOPLIST_KEY_UILaunchStoryboardName = LaunchScreen;
				INFOPLIST_KEY_UISupportedInterfaceOrientations = UIInterfaceOrientationPortrait;
				INFOPLIST_KEY_UISupportedInterfaceOrientations_iPad = "UIInterfaceOrientationLandscapeLeft UIInterfaceOrientationLandscapeRight UIInterfaceOrientationPortrait UIInterfaceOrientationPortraitUpsideDown";
				LD_RUNPATH_SEARCH_PATHS = (
					"$(inherited)",
					"@executable_path/Frameworks",
				);
				MARKETING_VERSION = 1.0;
				PRODUCT_BUNDLE_IDENTIFIER = ru.EgorChekulaev.EmojiMixer;
				PRODUCT_NAME = "$(TARGET_NAME)";
				SUPPORTED_PLATFORMS = "iphoneos iphonesimulator";
				SUPPORTS_MACCATALYST = NO;
				SWIFT_EMIT_LOC_STRINGS = YES;
				SWIFT_VERSION = 5.0;
				TARGETED_DEVICE_FAMILY = 1;
			};
			name = Debug;
		};
		8425DE722B164AA700FA1FD5 /* Release */ = {
			isa = XCBuildConfiguration;
			buildSettings = {
				ASSETCATALOG_COMPILER_APPICON_NAME = AppIcon;
				ASSETCATALOG_COMPILER_GLOBAL_ACCENT_COLOR_NAME = AccentColor;
				CODE_SIGN_STYLE = Automatic;
				CURRENT_PROJECT_VERSION = 1;
				DEVELOPMENT_TEAM = VHDFTCABKC;
				GENERATE_INFOPLIST_FILE = YES;
				INFOPLIST_FILE = EmojiMixer/Info.plist;
				INFOPLIST_KEY_UIApplicationSupportsIndirectInputEvents = YES;
				INFOPLIST_KEY_UILaunchStoryboardName = LaunchScreen;
				INFOPLIST_KEY_UISupportedInterfaceOrientations = UIInterfaceOrientationPortrait;
				INFOPLIST_KEY_UISupportedInterfaceOrientations_iPad = "UIInterfaceOrientationLandscapeLeft UIInterfaceOrientationLandscapeRight UIInterfaceOrientationPortrait UIInterfaceOrientationPortraitUpsideDown";
				LD_RUNPATH_SEARCH_PATHS = (
					"$(inherited)",
					"@executable_path/Frameworks",
				);
				MARKETING_VERSION = 1.0;
				PRODUCT_BUNDLE_IDENTIFIER = ru.EgorChekulaev.EmojiMixer;
				PRODUCT_NAME = "$(TARGET_NAME)";
				SUPPORTED_PLATFORMS = "iphoneos iphonesimulator";
				SUPPORTS_MACCATALYST = NO;
				SWIFT_EMIT_LOC_STRINGS = YES;
				SWIFT_VERSION = 5.0;
				TARGETED_DEVICE_FAMILY = 1;
			};
			name = Release;
		};
/* End XCBuildConfiguration section */

/* Begin XCConfigurationList section */
		8425DE572B164AA500FA1FD5 /* Build configuration list for PBXProject "EmojiMixer" */ = {
			isa = XCConfigurationList;
			buildConfigurations = (
				8425DE6E2B164AA700FA1FD5 /* Debug */,
				8425DE6F2B164AA700FA1FD5 /* Release */,
			);
			defaultConfigurationIsVisible = 0;
			defaultConfigurationName = Release;
		};
		8425DE702B164AA700FA1FD5 /* Build configuration list for PBXNativeTarget "EmojiMixer" */ = {
			isa = XCConfigurationList;
			buildConfigurations = (
				8425DE712B164AA700FA1FD5 /* Debug */,
				8425DE722B164AA700FA1FD5 /* Release */,
			);
			defaultConfigurationIsVisible = 0;
			defaultConfigurationName = Release;
		};
/* End XCConfigurationList section */

/* Begin XCVersionGroup section */
		849D20B22B36C3DB005F4576 /* Model.xcdatamodeld */ = {
			isa = XCVersionGroup;
			children = (
				849D20B32B36C3DB005F4576 /* Model.xcdatamodel */,
			);
			currentVersion = 849D20B32B36C3DB005F4576 /* Model.xcdatamodel */;
			path = Model.xcdatamodeld;
			sourceTree = "<group>";
			versionGroupType = wrapper.xcdatamodel;
		};
/* End XCVersionGroup section */
	};
	rootObject = 8425DE542B164AA500FA1FD5 /* Project object */;
}
