// !$*UTF8*$!
{
	archiveVersion = 1;
	classes = {
	};
	objectVersion = 56;
	objects = {

/* Begin PBXBuildFile section */
		432A9CDC287AE59687B741E6 /* Pods_EmojiMixerTests.framework in Frameworks */ = {isa = PBXBuildFile; fileRef = 94A96DA25CFBFD18211F6C98 /* Pods_EmojiMixerTests.framework */; };
		64BDC7E6174C61BFDD75A902 /* Pods_EmojiMixer.framework in Frameworks */ = {isa = PBXBuildFile; fileRef = 5E60A65769212BAE94DD9943 /* Pods_EmojiMixer.framework */; };
		841D61452B4AA06100147736 /* EmojiMixViewModel.swift in Sources */ = {isa = PBXBuildFile; fileRef = 841D61442B4AA06100147736 /* EmojiMixViewModel.swift */; };
		841D61482B4AD57C00147736 /* EmojiMixesViewModel.swift in Sources */ = {isa = PBXBuildFile; fileRef = 841D61472B4AD57C00147736 /* EmojiMixesViewModel.swift */; };
		841D614A2B4C1E9200147736 /* ObservableWrapper.swift in Sources */ = {isa = PBXBuildFile; fileRef = 841D61492B4C1E9200147736 /* ObservableWrapper.swift */; };
		8425DE602B164AA500FA1FD5 /* AppDelegate.swift in Sources */ = {isa = PBXBuildFile; fileRef = 8425DE5F2B164AA500FA1FD5 /* AppDelegate.swift */; };
		8425DE622B164AA500FA1FD5 /* SceneDelegate.swift in Sources */ = {isa = PBXBuildFile; fileRef = 8425DE612B164AA500FA1FD5 /* SceneDelegate.swift */; };
		8425DE642B164AA500FA1FD5 /* EmojiMixerViewController.swift in Sources */ = {isa = PBXBuildFile; fileRef = 8425DE632B164AA500FA1FD5 /* EmojiMixerViewController.swift */; };
		8425DE692B164AA700FA1FD5 /* Assets.xcassets in Resources */ = {isa = PBXBuildFile; fileRef = 8425DE682B164AA700FA1FD5 /* Assets.xcassets */; };
		8425DE6C2B164AA700FA1FD5 /* LaunchScreen.storyboard in Resources */ = {isa = PBXBuildFile; fileRef = 8425DE6A2B164AA700FA1FD5 /* LaunchScreen.storyboard */; };
		8425DE742B164B8100FA1FD5 /* EmojiCollectionViewCell.swift in Sources */ = {isa = PBXBuildFile; fileRef = 8425DE732B164B8100FA1FD5 /* EmojiCollectionViewCell.swift */; };
		84755CA92B94341000E7A5EC /* EmojiMixerTests.swift in Sources */ = {isa = PBXBuildFile; fileRef = 84755CA82B94341000E7A5EC /* EmojiMixerTests.swift */; };
		84755CB12B94343600E7A5EC /* InlineSnapshotTesting in Frameworks */ = {isa = PBXBuildFile; productRef = 84755CB02B94343600E7A5EC /* InlineSnapshotTesting */; };
		84755CB32B94343600E7A5EC /* SnapshotTesting in Frameworks */ = {isa = PBXBuildFile; productRef = 84755CB22B94343600E7A5EC /* SnapshotTesting */; };
		84755CB52B943F3F00E7A5EC /* Color.swift in Sources */ = {isa = PBXBuildFile; fileRef = 84755CB42B943F3F00E7A5EC /* Color.swift */; };
		849D20B42B36C3DB005F4576 /* Model.xcdatamodeld in Sources */ = {isa = PBXBuildFile; fileRef = 849D20B22B36C3DB005F4576 /* Model.xcdatamodeld */; };
		849D20E02B37F5F4005F4576 /* EmojiMixStore.swift in Sources */ = {isa = PBXBuildFile; fileRef = 849D20DF2B37F5F4005F4576 /* EmojiMixStore.swift */; };
		849D20E22B37F604005F4576 /* EmojiMixFactory.swift in Sources */ = {isa = PBXBuildFile; fileRef = 849D20E12B37F604005F4576 /* EmojiMixFactory.swift */; };
		849D20E42B37F60E005F4576 /* EmojiMix.swift in Sources */ = {isa = PBXBuildFile; fileRef = 849D20E32B37F60E005F4576 /* EmojiMix.swift */; };
		849D20E62B37F62A005F4576 /* UIColorMarshalling.swift in Sources */ = {isa = PBXBuildFile; fileRef = 849D20E52B37F62A005F4576 /* UIColorMarshalling.swift */; };
		84A4CA932B7E390B00073764 /* Localizable.xcstrings in Resources */ = {isa = PBXBuildFile; fileRef = 84A4CA922B7E390B00073764 /* Localizable.xcstrings */; };
		84A4CA952B7E394900073764 /* Localizable2.strings in Resources */ = {isa = PBXBuildFile; fileRef = 84A4CA942B7E394900073764 /* Localizable2.strings */; };
		84C11DA62B98351800F20235 /* AnalyticService.swift in Sources */ = {isa = PBXBuildFile; fileRef = 84C11DA52B98351800F20235 /* AnalyticService.swift */; };
		84D366582B84915100BA186C /* InfoPlist.xcstrings in Resources */ = {isa = PBXBuildFile; fileRef = 84D366572B84915100BA186C /* InfoPlist.xcstrings */; };
/* End PBXBuildFile section */

/* Begin PBXContainerItemProxy section */
		84755CAA2B94341000E7A5EC /* PBXContainerItemProxy */ = {
			isa = PBXContainerItemProxy;
			containerPortal = 8425DE542B164AA500FA1FD5 /* Project object */;
			proxyType = 1;
			remoteGlobalIDString = 8425DE5B2B164AA500FA1FD5;
			remoteInfo = EmojiMixer;
		};
/* End PBXContainerItemProxy section */

/* Begin PBXFileReference section */
		0DAC006F7403C0413E078877 /* Pods-EmojiMixer.debug.xcconfig */ = {isa = PBXFileReference; includeInIndex = 1; lastKnownFileType = text.xcconfig; name = "Pods-EmojiMixer.debug.xcconfig"; path = "Target Support Files/Pods-EmojiMixer/Pods-EmojiMixer.debug.xcconfig"; sourceTree = "<group>"; };
		389E702A23CD78CFFB638ADC /* Pods-EmojiMixer.release.xcconfig */ = {isa = PBXFileReference; includeInIndex = 1; lastKnownFileType = text.xcconfig; name = "Pods-EmojiMixer.release.xcconfig"; path = "Target Support Files/Pods-EmojiMixer/Pods-EmojiMixer.release.xcconfig"; sourceTree = "<group>"; };
		5E60A65769212BAE94DD9943 /* Pods_EmojiMixer.framework */ = {isa = PBXFileReference; explicitFileType = wrapper.framework; includeInIndex = 0; path = Pods_EmojiMixer.framework; sourceTree = BUILT_PRODUCTS_DIR; };
		841D61442B4AA06100147736 /* EmojiMixViewModel.swift */ = {isa = PBXFileReference; lastKnownFileType = sourcecode.swift; path = EmojiMixViewModel.swift; sourceTree = "<group>"; };
		841D61472B4AD57C00147736 /* EmojiMixesViewModel.swift */ = {isa = PBXFileReference; lastKnownFileType = sourcecode.swift; path = EmojiMixesViewModel.swift; sourceTree = "<group>"; };
		841D61492B4C1E9200147736 /* ObservableWrapper.swift */ = {isa = PBXFileReference; lastKnownFileType = sourcecode.swift; path = ObservableWrapper.swift; sourceTree = "<group>"; };
		8425DE5C2B164AA500FA1FD5 /* EmojiMixer.app */ = {isa = PBXFileReference; explicitFileType = wrapper.application; includeInIndex = 0; path = EmojiMixer.app; sourceTree = BUILT_PRODUCTS_DIR; };
		8425DE5F2B164AA500FA1FD5 /* AppDelegate.swift */ = {isa = PBXFileReference; lastKnownFileType = sourcecode.swift; path = AppDelegate.swift; sourceTree = "<group>"; };
		8425DE612B164AA500FA1FD5 /* SceneDelegate.swift */ = {isa = PBXFileReference; lastKnownFileType = sourcecode.swift; path = SceneDelegate.swift; sourceTree = "<group>"; };
		8425DE632B164AA500FA1FD5 /* EmojiMixerViewController.swift */ = {isa = PBXFileReference; lastKnownFileType = sourcecode.swift; path = EmojiMixerViewController.swift; sourceTree = "<group>"; };
		8425DE682B164AA700FA1FD5 /* Assets.xcassets */ = {isa = PBXFileReference; lastKnownFileType = folder.assetcatalog; path = Assets.xcassets; sourceTree = "<group>"; };
		8425DE6B2B164AA700FA1FD5 /* Base */ = {isa = PBXFileReference; lastKnownFileType = file.storyboard; name = Base; path = Base.lproj/LaunchScreen.storyboard; sourceTree = "<group>"; };
		8425DE6D2B164AA700FA1FD5 /* Info.plist */ = {isa = PBXFileReference; lastKnownFileType = text.plist.xml; path = Info.plist; sourceTree = "<group>"; };
		8425DE732B164B8100FA1FD5 /* EmojiCollectionViewCell.swift */ = {isa = PBXFileReference; lastKnownFileType = sourcecode.swift; path = EmojiCollectionViewCell.swift; sourceTree = "<group>"; };
		84755CA62B94341000E7A5EC /* EmojiMixerTests.xctest */ = {isa = PBXFileReference; explicitFileType = wrapper.cfbundle; includeInIndex = 0; path = EmojiMixerTests.xctest; sourceTree = BUILT_PRODUCTS_DIR; };
		84755CA82B94341000E7A5EC /* EmojiMixerTests.swift */ = {isa = PBXFileReference; lastKnownFileType = sourcecode.swift; path = EmojiMixerTests.swift; sourceTree = "<group>"; };
		84755CB42B943F3F00E7A5EC /* Color.swift */ = {isa = PBXFileReference; lastKnownFileType = sourcecode.swift; path = Color.swift; sourceTree = "<group>"; };
		849D20B32B36C3DB005F4576 /* Model.xcdatamodel */ = {isa = PBXFileReference; lastKnownFileType = wrapper.xcdatamodel; path = Model.xcdatamodel; sourceTree = "<group>"; };
		849D20DF2B37F5F4005F4576 /* EmojiMixStore.swift */ = {isa = PBXFileReference; lastKnownFileType = sourcecode.swift; path = EmojiMixStore.swift; sourceTree = "<group>"; };
		849D20E12B37F604005F4576 /* EmojiMixFactory.swift */ = {isa = PBXFileReference; lastKnownFileType = sourcecode.swift; path = EmojiMixFactory.swift; sourceTree = "<group>"; };
		849D20E32B37F60E005F4576 /* EmojiMix.swift */ = {isa = PBXFileReference; lastKnownFileType = sourcecode.swift; path = EmojiMix.swift; sourceTree = "<group>"; };
		849D20E52B37F62A005F4576 /* UIColorMarshalling.swift */ = {isa = PBXFileReference; lastKnownFileType = sourcecode.swift; path = UIColorMarshalling.swift; sourceTree = "<group>"; };
		84A4CA922B7E390B00073764 /* Localizable.xcstrings */ = {isa = PBXFileReference; lastKnownFileType = text.json.xcstrings; path = Localizable.xcstrings; sourceTree = "<group>"; };
		84A4CA942B7E394900073764 /* Localizable2.strings */ = {isa = PBXFileReference; lastKnownFileType = text.plist.strings; path = Localizable2.strings; sourceTree = "<group>"; };
		84A4CA962B7F810800073764 /* de */ = {isa = PBXFileReference; lastKnownFileType = text.plist.strings; name = de; path = de.lproj/LaunchScreen.strings; sourceTree = "<group>"; };
		84A4CA972B7F811200073764 /* ar */ = {isa = PBXFileReference; lastKnownFileType = text.plist.strings; name = ar; path = ar.lproj/LaunchScreen.strings; sourceTree = "<group>"; };
		84C11DA52B98351800F20235 /* AnalyticService.swift */ = {isa = PBXFileReference; lastKnownFileType = sourcecode.swift; path = AnalyticService.swift; sourceTree = "<group>"; };
		84D366572B84915100BA186C /* InfoPlist.xcstrings */ = {isa = PBXFileReference; lastKnownFileType = text.json.xcstrings; path = InfoPlist.xcstrings; sourceTree = "<group>"; };
		94A96DA25CFBFD18211F6C98 /* Pods_EmojiMixerTests.framework */ = {isa = PBXFileReference; explicitFileType = wrapper.framework; includeInIndex = 0; path = Pods_EmojiMixerTests.framework; sourceTree = BUILT_PRODUCTS_DIR; };
		B8277C1412AD2373F87E92E6 /* Pods-EmojiMixerTests.debug.xcconfig */ = {isa = PBXFileReference; includeInIndex = 1; lastKnownFileType = text.xcconfig; name = "Pods-EmojiMixerTests.debug.xcconfig"; path = "Target Support Files/Pods-EmojiMixerTests/Pods-EmojiMixerTests.debug.xcconfig"; sourceTree = "<group>"; };
		C155BC10CCA89C3548271FAA /* Pods-EmojiMixerTests.release.xcconfig */ = {isa = PBXFileReference; includeInIndex = 1; lastKnownFileType = text.xcconfig; name = "Pods-EmojiMixerTests.release.xcconfig"; path = "Target Support Files/Pods-EmojiMixerTests/Pods-EmojiMixerTests.release.xcconfig"; sourceTree = "<group>"; };
/* End PBXFileReference section */

/* Begin PBXFrameworksBuildPhase section */
		8425DE592B164AA500FA1FD5 /* Frameworks */ = {
			isa = PBXFrameworksBuildPhase;
			buildActionMask = 2147483647;
			files = (
				64BDC7E6174C61BFDD75A902 /* Pods_EmojiMixer.framework in Frameworks */,
			);
			runOnlyForDeploymentPostprocessing = 0;
		};
		84755CA32B94341000E7A5EC /* Frameworks */ = {
			isa = PBXFrameworksBuildPhase;
			buildActionMask = 2147483647;
			files = (
				84755CB12B94343600E7A5EC /* InlineSnapshotTesting in Frameworks */,
				84755CB32B94343600E7A5EC /* SnapshotTesting in Frameworks */,
				432A9CDC287AE59687B741E6 /* Pods_EmojiMixerTests.framework in Frameworks */,
			);
			runOnlyForDeploymentPostprocessing = 0;
		};
/* End PBXFrameworksBuildPhase section */

/* Begin PBXGroup section */
		3F172B3F7991291596D599D1 /* Pods */ = {
			isa = PBXGroup;
			children = (
				0DAC006F7403C0413E078877 /* Pods-EmojiMixer.debug.xcconfig */,
				389E702A23CD78CFFB638ADC /* Pods-EmojiMixer.release.xcconfig */,
				B8277C1412AD2373F87E92E6 /* Pods-EmojiMixerTests.debug.xcconfig */,
				C155BC10CCA89C3548271FAA /* Pods-EmojiMixerTests.release.xcconfig */,
			);
			path = Pods;
			sourceTree = "<group>";
		};
		841D61462B4AA06900147736 /* UI */ = {
			isa = PBXGroup;
			children = (
				841D61442B4AA06100147736 /* EmojiMixViewModel.swift */,
				841D61472B4AD57C00147736 /* EmojiMixesViewModel.swift */,
				84755CB42B943F3F00E7A5EC /* Color.swift */,
			);
			path = UI;
			sourceTree = "<group>";
		};
		8425DE532B164AA500FA1FD5 = {
			isa = PBXGroup;
			children = (
				8425DE5E2B164AA500FA1FD5 /* EmojiMixer */,
				84755CA72B94341000E7A5EC /* EmojiMixerTests */,
				8425DE5D2B164AA500FA1FD5 /* Products */,
				3F172B3F7991291596D599D1 /* Pods */,
				CE06056C8B4A1566E21E9E45 /* Frameworks */,
			);
			sourceTree = "<group>";
		};
		8425DE5D2B164AA500FA1FD5 /* Products */ = {
			isa = PBXGroup;
			children = (
				8425DE5C2B164AA500FA1FD5 /* EmojiMixer.app */,
				84755CA62B94341000E7A5EC /* EmojiMixerTests.xctest */,
			);
			name = Products;
			sourceTree = "<group>";
		};
		8425DE5E2B164AA500FA1FD5 /* EmojiMixer */ = {
			isa = PBXGroup;
			children = (
				849D20DE2B37F5BF005F4576 /* Services */,
				8425DE5F2B164AA500FA1FD5 /* AppDelegate.swift */,
				841D61462B4AA06900147736 /* UI */,
				8425DE612B164AA500FA1FD5 /* SceneDelegate.swift */,
				8425DE632B164AA500FA1FD5 /* EmojiMixerViewController.swift */,
				84A4CA912B7E389700073764 /* Resources */,
				8425DE732B164B8100FA1FD5 /* EmojiCollectionViewCell.swift */,
				849D20B22B36C3DB005F4576 /* Model.xcdatamodeld */,
				8425DE682B164AA700FA1FD5 /* Assets.xcassets */,
				8425DE6A2B164AA700FA1FD5 /* LaunchScreen.storyboard */,
				8425DE6D2B164AA700FA1FD5 /* Info.plist */,
				84D366572B84915100BA186C /* InfoPlist.xcstrings */,
			);
			path = EmojiMixer;
			sourceTree = "<group>";
		};
		84755CA72B94341000E7A5EC /* EmojiMixerTests */ = {
			isa = PBXGroup;
			children = (
				84755CA82B94341000E7A5EC /* EmojiMixerTests.swift */,
			);
			path = EmojiMixerTests;
			sourceTree = "<group>";
		};
		849D20DE2B37F5BF005F4576 /* Services */ = {
			isa = PBXGroup;
			children = (
				849D20DF2B37F5F4005F4576 /* EmojiMixStore.swift */,
				849D20E12B37F604005F4576 /* EmojiMixFactory.swift */,
				849D20E32B37F60E005F4576 /* EmojiMix.swift */,
				849D20E52B37F62A005F4576 /* UIColorMarshalling.swift */,
				841D61492B4C1E9200147736 /* ObservableWrapper.swift */,
				84C11DA52B98351800F20235 /* AnalyticService.swift */,
			);
			path = Services;
			sourceTree = "<group>";
		};
		84A4CA912B7E389700073764 /* Resources */ = {
			isa = PBXGroup;
			children = (
				84A4CA922B7E390B00073764 /* Localizable.xcstrings */,
				84A4CA942B7E394900073764 /* Localizable2.strings */,
			);
			path = Resources;
			sourceTree = "<group>";
		};
		CE06056C8B4A1566E21E9E45 /* Frameworks */ = {
			isa = PBXGroup;
			children = (
				5E60A65769212BAE94DD9943 /* Pods_EmojiMixer.framework */,
				94A96DA25CFBFD18211F6C98 /* Pods_EmojiMixerTests.framework */,
			);
			name = Frameworks;
			sourceTree = "<group>";
		};
/* End PBXGroup section */

/* Begin PBXNativeTarget section */
		8425DE5B2B164AA500FA1FD5 /* EmojiMixer */ = {
			isa = PBXNativeTarget;
			buildConfigurationList = 8425DE702B164AA700FA1FD5 /* Build configuration list for PBXNativeTarget "EmojiMixer" */;
			buildPhases = (
				7DB87BA0012F86AA498B77EB /* [CP] Check Pods Manifest.lock */,
				8425DE582B164AA500FA1FD5 /* Sources */,
				8425DE592B164AA500FA1FD5 /* Frameworks */,
				8425DE5A2B164AA500FA1FD5 /* Resources */,
				F0BEB550C9A2004184629D0C /* [CP] Embed Pods Frameworks */,
			);
			buildRules = (
			);
			dependencies = (
			);
			name = EmojiMixer;
			productName = EmojiMixer;
			productReference = 8425DE5C2B164AA500FA1FD5 /* EmojiMixer.app */;
			productType = "com.apple.product-type.application";
		};
		84755CA52B94341000E7A5EC /* EmojiMixerTests */ = {
			isa = PBXNativeTarget;
			buildConfigurationList = 84755CAE2B94341000E7A5EC /* Build configuration list for PBXNativeTarget "EmojiMixerTests" */;
			buildPhases = (
				CAB82DD16C1DE1B2811D10EE /* [CP] Check Pods Manifest.lock */,
				84755CA22B94341000E7A5EC /* Sources */,
				84755CA32B94341000E7A5EC /* Frameworks */,
				84755CA42B94341000E7A5EC /* Resources */,
				66F29EE2F8D88B61B3A592F9 /* [CP] Embed Pods Frameworks */,
			);
			buildRules = (
			);
			dependencies = (
				84755CAB2B94341000E7A5EC /* PBXTargetDependency */,
			);
			name = EmojiMixerTests;
			packageProductDependencies = (
				84755CB02B94343600E7A5EC /* InlineSnapshotTesting */,
				84755CB22B94343600E7A5EC /* SnapshotTesting */,
			);
			productName = EmojiMixerTests;
			productReference = 84755CA62B94341000E7A5EC /* EmojiMixerTests.xctest */;
			productType = "com.apple.product-type.bundle.unit-test";
		};
/* End PBXNativeTarget section */

/* Begin PBXProject section */
		8425DE542B164AA500FA1FD5 /* Project object */ = {
			isa = PBXProject;
			attributes = {
				BuildIndependentTargetsInParallel = 1;
				LastSwiftUpdateCheck = 1520;
				LastUpgradeCheck = 1520;
				TargetAttributes = {
					8425DE5B2B164AA500FA1FD5 = {
						CreatedOnToolsVersion = 15.0.1;
					};
					84755CA52B94341000E7A5EC = {
						CreatedOnToolsVersion = 15.2;
						TestTargetID = 8425DE5B2B164AA500FA1FD5;
					};
				};
			};
			buildConfigurationList = 8425DE572B164AA500FA1FD5 /* Build configuration list for PBXProject "EmojiMixer" */;
			compatibilityVersion = "Xcode 14.0";
			developmentRegion = en;
			hasScannedForEncodings = 0;
			knownRegions = (
				en,
				Base,
				ru,
				de,
				ar,
			);
			mainGroup = 8425DE532B164AA500FA1FD5;
			packageReferences = (
				84755CAF2B94343600E7A5EC /* XCRemoteSwiftPackageReference "swift-snapshot-testing" */,
			);
			productRefGroup = 8425DE5D2B164AA500FA1FD5 /* Products */;
			projectDirPath = "";
			projectRoot = "";
			targets = (
				8425DE5B2B164AA500FA1FD5 /* EmojiMixer */,
				84755CA52B94341000E7A5EC /* EmojiMixerTests */,
			);
		};
/* End PBXProject section */

/* Begin PBXResourcesBuildPhase section */
		8425DE5A2B164AA500FA1FD5 /* Resources */ = {
			isa = PBXResourcesBuildPhase;
			buildActionMask = 2147483647;
			files = (
				84A4CA952B7E394900073764 /* Localizable2.strings in Resources */,
				84D366582B84915100BA186C /* InfoPlist.xcstrings in Resources */,
				8425DE6C2B164AA700FA1FD5 /* LaunchScreen.storyboard in Resources */,
				8425DE692B164AA700FA1FD5 /* Assets.xcassets in Resources */,
				84A4CA932B7E390B00073764 /* Localizable.xcstrings in Resources */,
			);
			runOnlyForDeploymentPostprocessing = 0;
		};
		84755CA42B94341000E7A5EC /* Resources */ = {
			isa = PBXResourcesBuildPhase;
			buildActionMask = 2147483647;
			files = (
			);
			runOnlyForDeploymentPostprocessing = 0;
		};
/* End PBXResourcesBuildPhase section */

/* Begin PBXShellScriptBuildPhase section */
		66F29EE2F8D88B61B3A592F9 /* [CP] Embed Pods Frameworks */ = {
			isa = PBXShellScriptBuildPhase;
			buildActionMask = 2147483647;
			files = (
			);
			inputFileListPaths = (
				"${PODS_ROOT}/Target Support Files/Pods-EmojiMixerTests/Pods-EmojiMixerTests-frameworks-${CONFIGURATION}-input-files.xcfilelist",
			);
			name = "[CP] Embed Pods Frameworks";
			outputFileListPaths = (
				"${PODS_ROOT}/Target Support Files/Pods-EmojiMixerTests/Pods-EmojiMixerTests-frameworks-${CONFIGURATION}-output-files.xcfilelist",
			);
			runOnlyForDeploymentPostprocessing = 0;
			shellPath = /bin/sh;
			shellScript = "\"${PODS_ROOT}/Target Support Files/Pods-EmojiMixerTests/Pods-EmojiMixerTests-frameworks.sh\"\n";
			showEnvVarsInLog = 0;
		};
		7DB87BA0012F86AA498B77EB /* [CP] Check Pods Manifest.lock */ = {
			isa = PBXShellScriptBuildPhase;
			buildActionMask = 2147483647;
			files = (
			);
			inputFileListPaths = (
			);
			inputPaths = (
				"${PODS_PODFILE_DIR_PATH}/Podfile.lock",
				"${PODS_ROOT}/Manifest.lock",
			);
			name = "[CP] Check Pods Manifest.lock";
			outputFileListPaths = (
			);
			outputPaths = (
				"$(DERIVED_FILE_DIR)/Pods-EmojiMixer-checkManifestLockResult.txt",
			);
			runOnlyForDeploymentPostprocessing = 0;
			shellPath = /bin/sh;
			shellScript = "diff \"${PODS_PODFILE_DIR_PATH}/Podfile.lock\" \"${PODS_ROOT}/Manifest.lock\" > /dev/null\nif [ $? != 0 ] ; then\n    # print error to STDERR\n    echo \"error: The sandbox is not in sync with the Podfile.lock. Run 'pod install' or update your CocoaPods installation.\" >&2\n    exit 1\nfi\n# This output is used by Xcode 'outputs' to avoid re-running this script phase.\necho \"SUCCESS\" > \"${SCRIPT_OUTPUT_FILE_0}\"\n";
			showEnvVarsInLog = 0;
		};
		CAB82DD16C1DE1B2811D10EE /* [CP] Check Pods Manifest.lock */ = {
			isa = PBXShellScriptBuildPhase;
			buildActionMask = 2147483647;
			files = (
			);
			inputFileListPaths = (
			);
			inputPaths = (
				"${PODS_PODFILE_DIR_PATH}/Podfile.lock",
				"${PODS_ROOT}/Manifest.lock",
			);
			name = "[CP] Check Pods Manifest.lock";
			outputFileListPaths = (
			);
			outputPaths = (
				"$(DERIVED_FILE_DIR)/Pods-EmojiMixerTests-checkManifestLockResult.txt",
			);
			runOnlyForDeploymentPostprocessing = 0;
			shellPath = /bin/sh;
			shellScript = "diff \"${PODS_PODFILE_DIR_PATH}/Podfile.lock\" \"${PODS_ROOT}/Manifest.lock\" > /dev/null\nif [ $? != 0 ] ; then\n    # print error to STDERR\n    echo \"error: The sandbox is not in sync with the Podfile.lock. Run 'pod install' or update your CocoaPods installation.\" >&2\n    exit 1\nfi\n# This output is used by Xcode 'outputs' to avoid re-running this script phase.\necho \"SUCCESS\" > \"${SCRIPT_OUTPUT_FILE_0}\"\n";
			showEnvVarsInLog = 0;
		};
		F0BEB550C9A2004184629D0C /* [CP] Embed Pods Frameworks */ = {
			isa = PBXShellScriptBuildPhase;
			buildActionMask = 2147483647;
			files = (
			);
			inputFileListPaths = (
				"${PODS_ROOT}/Target Support Files/Pods-EmojiMixer/Pods-EmojiMixer-frameworks-${CONFIGURATION}-input-files.xcfilelist",
			);
			name = "[CP] Embed Pods Frameworks";
			outputFileListPaths = (
				"${PODS_ROOT}/Target Support Files/Pods-EmojiMixer/Pods-EmojiMixer-frameworks-${CONFIGURATION}-output-files.xcfilelist",
			);
			runOnlyForDeploymentPostprocessing = 0;
			shellPath = /bin/sh;
			shellScript = "\"${PODS_ROOT}/Target Support Files/Pods-EmojiMixer/Pods-EmojiMixer-frameworks.sh\"\n";
			showEnvVarsInLog = 0;
		};
/* End PBXShellScriptBuildPhase section */

/* Begin PBXSourcesBuildPhase section */
		8425DE582B164AA500FA1FD5 /* Sources */ = {
			isa = PBXSourcesBuildPhase;
			buildActionMask = 2147483647;
			files = (
				8425DE642B164AA500FA1FD5 /* EmojiMixerViewController.swift in Sources */,
				8425DE602B164AA500FA1FD5 /* AppDelegate.swift in Sources */,
				841D61482B4AD57C00147736 /* EmojiMixesViewModel.swift in Sources */,
				849D20B42B36C3DB005F4576 /* Model.xcdatamodeld in Sources */,
				84755CB52B943F3F00E7A5EC /* Color.swift in Sources */,
				841D614A2B4C1E9200147736 /* ObservableWrapper.swift in Sources */,
				849D20E42B37F60E005F4576 /* EmojiMix.swift in Sources */,
				849D20E02B37F5F4005F4576 /* EmojiMixStore.swift in Sources */,
				849D20E22B37F604005F4576 /* EmojiMixFactory.swift in Sources */,
				8425DE622B164AA500FA1FD5 /* SceneDelegate.swift in Sources */,
				849D20E62B37F62A005F4576 /* UIColorMarshalling.swift in Sources */,
				841D61452B4AA06100147736 /* EmojiMixViewModel.swift in Sources */,
				84C11DA62B98351800F20235 /* AnalyticService.swift in Sources */,
				8425DE742B164B8100FA1FD5 /* EmojiCollectionViewCell.swift in Sources */,
			);
			runOnlyForDeploymentPostprocessing = 0;
		};
		84755CA22B94341000E7A5EC /* Sources */ = {
			isa = PBXSourcesBuildPhase;
			buildActionMask = 2147483647;
			files = (
				84755CA92B94341000E7A5EC /* EmojiMixerTests.swift in Sources */,
			);
			runOnlyForDeploymentPostprocessing = 0;
		};
/* End PBXSourcesBuildPhase section */

/* Begin PBXTargetDependency section */
		84755CAB2B94341000E7A5EC /* PBXTargetDependency */ = {
			isa = PBXTargetDependency;
			target = 8425DE5B2B164AA500FA1FD5 /* EmojiMixer */;
			targetProxy = 84755CAA2B94341000E7A5EC /* PBXContainerItemProxy */;
		};
/* End PBXTargetDependency section */

/* Begin PBXVariantGroup section */
		8425DE6A2B164AA700FA1FD5 /* LaunchScreen.storyboard */ = {
			isa = PBXVariantGroup;
			children = (
				8425DE6B2B164AA700FA1FD5 /* Base */,
				84A4CA962B7F810800073764 /* de */,
				84A4CA972B7F811200073764 /* ar */,
			);
			name = LaunchScreen.storyboard;
			sourceTree = "<group>";
		};
/* End PBXVariantGroup section */

/* Begin XCBuildConfiguration section */
		8425DE6E2B164AA700FA1FD5 /* Debug */ = {
			isa = XCBuildConfiguration;
			buildSettings = {
				ALWAYS_SEARCH_USER_PATHS = NO;
				ASSETCATALOG_COMPILER_GENERATE_SWIFT_ASSET_SYMBOL_EXTENSIONS = YES;
				CLANG_ANALYZER_LOCALIZABILITY_NONLOCALIZED = YES;
				CLANG_ANALYZER_NONNULL = YES;
				CLANG_ANALYZER_NUMBER_OBJECT_CONVERSION = YES_AGGRESSIVE;
				CLANG_CXX_LANGUAGE_STANDARD = "gnu++20";
				CLANG_ENABLE_MODULES = YES;
				CLANG_ENABLE_OBJC_ARC = YES;
				CLANG_ENABLE_OBJC_WEAK = YES;
				CLANG_WARN_BLOCK_CAPTURE_AUTORELEASING = YES;
				CLANG_WARN_BOOL_CONVERSION = YES;
				CLANG_WARN_COMMA = YES;
				CLANG_WARN_CONSTANT_CONVERSION = YES;
				CLANG_WARN_DEPRECATED_OBJC_IMPLEMENTATIONS = YES;
				CLANG_WARN_DIRECT_OBJC_ISA_USAGE = YES_ERROR;
				CLANG_WARN_DOCUMENTATION_COMMENTS = YES;
				CLANG_WARN_EMPTY_BODY = YES;
				CLANG_WARN_ENUM_CONVERSION = YES;
				CLANG_WARN_INFINITE_RECURSION = YES;
				CLANG_WARN_INT_CONVERSION = YES;
				CLANG_WARN_NON_LITERAL_NULL_CONVERSION = YES;
				CLANG_WARN_OBJC_IMPLICIT_RETAIN_SELF = YES;
				CLANG_WARN_OBJC_LITERAL_CONVERSION = YES;
				CLANG_WARN_OBJC_ROOT_CLASS = YES_ERROR;
				CLANG_WARN_QUOTED_INCLUDE_IN_FRAMEWORK_HEADER = YES;
				CLANG_WARN_RANGE_LOOP_ANALYSIS = YES;
				CLANG_WARN_STRICT_PROTOTYPES = YES;
				CLANG_WARN_SUSPICIOUS_MOVE = YES;
				CLANG_WARN_UNGUARDED_AVAILABILITY = YES_AGGRESSIVE;
				CLANG_WARN_UNREACHABLE_CODE = YES;
				CLANG_WARN__DUPLICATE_METHOD_MATCH = YES;
				COPY_PHASE_STRIP = NO;
				DEBUG_INFORMATION_FORMAT = dwarf;
				ENABLE_STRICT_OBJC_MSGSEND = YES;
				ENABLE_TESTABILITY = YES;
				ENABLE_USER_SCRIPT_SANDBOXING = NO;
				GCC_C_LANGUAGE_STANDARD = gnu17;
				GCC_DYNAMIC_NO_PIC = NO;
				GCC_NO_COMMON_BLOCKS = YES;
				GCC_OPTIMIZATION_LEVEL = 0;
				GCC_PREPROCESSOR_DEFINITIONS = (
					"DEBUG=1",
					"$(inherited)",
				);
				GCC_WARN_64_TO_32_BIT_CONVERSION = YES;
				GCC_WARN_ABOUT_RETURN_TYPE = YES_ERROR;
				GCC_WARN_UNDECLARED_SELECTOR = YES;
				GCC_WARN_UNINITIALIZED_AUTOS = YES_AGGRESSIVE;
				GCC_WARN_UNUSED_FUNCTION = YES;
				GCC_WARN_UNUSED_VARIABLE = YES;
				IPHONEOS_DEPLOYMENT_TARGET = 13.4;
				LOCALIZATION_PREFERS_STRING_CATALOGS = YES;
				MTL_ENABLE_DEBUG_INFO = INCLUDE_SOURCE;
				MTL_FAST_MATH = YES;
				ONLY_ACTIVE_ARCH = YES;
				SDKROOT = iphoneos;
				SWIFT_ACTIVE_COMPILATION_CONDITIONS = "DEBUG $(inherited)";
				SWIFT_OPTIMIZATION_LEVEL = "-Onone";
			};
			name = Debug;
		};
		8425DE6F2B164AA700FA1FD5 /* Release */ = {
			isa = XCBuildConfiguration;
			buildSettings = {
				ALWAYS_SEARCH_USER_PATHS = NO;
				ASSETCATALOG_COMPILER_GENERATE_SWIFT_ASSET_SYMBOL_EXTENSIONS = YES;
				CLANG_ANALYZER_LOCALIZABILITY_NONLOCALIZED = YES;
				CLANG_ANALYZER_NONNULL = YES;
				CLANG_ANALYZER_NUMBER_OBJECT_CONVERSION = YES_AGGRESSIVE;
				CLANG_CXX_LANGUAGE_STANDARD = "gnu++20";
				CLANG_ENABLE_MODULES = YES;
				CLANG_ENABLE_OBJC_ARC = YES;
				CLANG_ENABLE_OBJC_WEAK = YES;
				CLANG_WARN_BLOCK_CAPTURE_AUTORELEASING = YES;
				CLANG_WARN_BOOL_CONVERSION = YES;
				CLANG_WARN_COMMA = YES;
				CLANG_WARN_CONSTANT_CONVERSION = YES;
				CLANG_WARN_DEPRECATED_OBJC_IMPLEMENTATIONS = YES;
				CLANG_WARN_DIRECT_OBJC_ISA_USAGE = YES_ERROR;
				CLANG_WARN_DOCUMENTATION_COMMENTS = YES;
				CLANG_WARN_EMPTY_BODY = YES;
				CLANG_WARN_ENUM_CONVERSION = YES;
				CLANG_WARN_INFINITE_RECURSION = YES;
				CLANG_WARN_INT_CONVERSION = YES;
				CLANG_WARN_NON_LITERAL_NULL_CONVERSION = YES;
				CLANG_WARN_OBJC_IMPLICIT_RETAIN_SELF = YES;
				CLANG_WARN_OBJC_LITERAL_CONVERSION = YES;
				CLANG_WARN_OBJC_ROOT_CLASS = YES_ERROR;
				CLANG_WARN_QUOTED_INCLUDE_IN_FRAMEWORK_HEADER = YES;
				CLANG_WARN_RANGE_LOOP_ANALYSIS = YES;
				CLANG_WARN_STRICT_PROTOTYPES = YES;
				CLANG_WARN_SUSPICIOUS_MOVE = YES;
				CLANG_WARN_UNGUARDED_AVAILABILITY = YES_AGGRESSIVE;
				CLANG_WARN_UNREACHABLE_CODE = YES;
				CLANG_WARN__DUPLICATE_METHOD_MATCH = YES;
				COPY_PHASE_STRIP = NO;
				DEBUG_INFORMATION_FORMAT = "dwarf-with-dsym";
				ENABLE_NS_ASSERTIONS = NO;
				ENABLE_STRICT_OBJC_MSGSEND = YES;
				ENABLE_USER_SCRIPT_SANDBOXING = NO;
				GCC_C_LANGUAGE_STANDARD = gnu17;
				GCC_NO_COMMON_BLOCKS = YES;
				GCC_WARN_64_TO_32_BIT_CONVERSION = YES;
				GCC_WARN_ABOUT_RETURN_TYPE = YES_ERROR;
				GCC_WARN_UNDECLARED_SELECTOR = YES;
				GCC_WARN_UNINITIALIZED_AUTOS = YES_AGGRESSIVE;
				GCC_WARN_UNUSED_FUNCTION = YES;
				GCC_WARN_UNUSED_VARIABLE = YES;
				IPHONEOS_DEPLOYMENT_TARGET = 13.4;
				LOCALIZATION_PREFERS_STRING_CATALOGS = YES;
				MTL_ENABLE_DEBUG_INFO = NO;
				MTL_FAST_MATH = YES;
				SDKROOT = iphoneos;
				SWIFT_COMPILATION_MODE = wholemodule;
				VALIDATE_PRODUCT = YES;
			};
			name = Release;
		};
		8425DE712B164AA700FA1FD5 /* Debug */ = {
			isa = XCBuildConfiguration;
			baseConfigurationReference = 0DAC006F7403C0413E078877 /* Pods-EmojiMixer.debug.xcconfig */;
			buildSettings = {
				ASSETCATALOG_COMPILER_APPICON_NAME = AppIcon;
				ASSETCATALOG_COMPILER_GLOBAL_ACCENT_COLOR_NAME = AccentColor;
				CODE_SIGN_STYLE = Automatic;
				CURRENT_PROJECT_VERSION = 1;
				DEVELOPMENT_TEAM = VHDFTCABKC;
				GENERATE_INFOPLIST_FILE = YES;
				INFOPLIST_FILE = EmojiMixer/Info.plist;
				INFOPLIST_KEY_UIApplicationSupportsIndirectInputEvents = YES;
				INFOPLIST_KEY_UILaunchStoryboardName = LaunchScreen;
				INFOPLIST_KEY_UISupportedInterfaceOrientations = UIInterfaceOrientationPortrait;
				INFOPLIST_KEY_UISupportedInterfaceOrientations_iPad = "UIInterfaceOrientationLandscapeLeft UIInterfaceOrientationLandscapeRight UIInterfaceOrientationPortrait UIInterfaceOrientationPortraitUpsideDown";
				LD_RUNPATH_SEARCH_PATHS = (
					"$(inherited)",
					"@executable_path/Frameworks",
				);
				MARKETING_VERSION = 1.0;
				PRODUCT_BUNDLE_IDENTIFIER = ru.EgorChekulaev.EmojiMixer;
				PRODUCT_NAME = "$(TARGET_NAME)";
				SUPPORTED_PLATFORMS = "iphoneos iphonesimulator";
				SUPPORTS_MACCATALYST = NO;
				SWIFT_EMIT_LOC_STRINGS = YES;
				SWIFT_VERSION = 5.0;
				TARGETED_DEVICE_FAMILY = 1;
			};
			name = Debug;
		};
		8425DE722B164AA700FA1FD5 /* Release */ = {
			isa = XCBuildConfiguration;
			baseConfigurationReference = 389E702A23CD78CFFB638ADC /* Pods-EmojiMixer.release.xcconfig */;
			buildSettings = {
				ASSETCATALOG_COMPILER_APPICON_NAME = AppIcon;
				ASSETCATALOG_COMPILER_GLOBAL_ACCENT_COLOR_NAME = AccentColor;
				CODE_SIGN_STYLE = Automatic;
				CURRENT_PROJECT_VERSION = 1;
				DEVELOPMENT_TEAM = VHDFTCABKC;
				GENERATE_INFOPLIST_FILE = YES;
				INFOPLIST_FILE = EmojiMixer/Info.plist;
				INFOPLIST_KEY_UIApplicationSupportsIndirectInputEvents = YES;
				INFOPLIST_KEY_UILaunchStoryboardName = LaunchScreen;
				INFOPLIST_KEY_UISupportedInterfaceOrientations = UIInterfaceOrientationPortrait;
				INFOPLIST_KEY_UISupportedInterfaceOrientations_iPad = "UIInterfaceOrientationLandscapeLeft UIInterfaceOrientationLandscapeRight UIInterfaceOrientationPortrait UIInterfaceOrientationPortraitUpsideDown";
				LD_RUNPATH_SEARCH_PATHS = (
					"$(inherited)",
					"@executable_path/Frameworks",
				);
				MARKETING_VERSION = 1.0;
				PRODUCT_BUNDLE_IDENTIFIER = ru.EgorChekulaev.EmojiMixer;
				PRODUCT_NAME = "$(TARGET_NAME)";
				SUPPORTED_PLATFORMS = "iphoneos iphonesimulator";
				SUPPORTS_MACCATALYST = NO;
				SWIFT_EMIT_LOC_STRINGS = YES;
				SWIFT_VERSION = 5.0;
				TARGETED_DEVICE_FAMILY = 1;
			};
			name = Release;
		};
		84755CAC2B94341000E7A5EC /* Debug */ = {
			isa = XCBuildConfiguration;
			baseConfigurationReference = B8277C1412AD2373F87E92E6 /* Pods-EmojiMixerTests.debug.xcconfig */;
			buildSettings = {
				BUNDLE_LOADER = "$(TEST_HOST)";
				CODE_SIGN_STYLE = Automatic;
				CURRENT_PROJECT_VERSION = 1;
				DEVELOPMENT_TEAM = VHDFTCABKC;
				GENERATE_INFOPLIST_FILE = YES;
				IPHONEOS_DEPLOYMENT_TARGET = 17.2;
				MARKETING_VERSION = 1.0;
				PRODUCT_BUNDLE_IDENTIFIER = ru.EgorChekulaev.EmojiMixerTests;
				PRODUCT_NAME = "$(TARGET_NAME)";
				SWIFT_EMIT_LOC_STRINGS = NO;
				SWIFT_VERSION = 5.0;
				TARGETED_DEVICE_FAMILY = "1,2";
				TEST_HOST = "$(BUILT_PRODUCTS_DIR)/EmojiMixer.app/$(BUNDLE_EXECUTABLE_FOLDER_PATH)/EmojiMixer";
			};
			name = Debug;
		};
		84755CAD2B94341000E7A5EC /* Release */ = {
			isa = XCBuildConfiguration;
			baseConfigurationReference = C155BC10CCA89C3548271FAA /* Pods-EmojiMixerTests.release.xcconfig */;
			buildSettings = {
				BUNDLE_LOADER = "$(TEST_HOST)";
				CODE_SIGN_STYLE = Automatic;
				CURRENT_PROJECT_VERSION = 1;
				DEVELOPMENT_TEAM = VHDFTCABKC;
				GENERATE_INFOPLIST_FILE = YES;
				IPHONEOS_DEPLOYMENT_TARGET = 17.2;
				MARKETING_VERSION = 1.0;
				PRODUCT_BUNDLE_IDENTIFIER = ru.EgorChekulaev.EmojiMixerTests;
				PRODUCT_NAME = "$(TARGET_NAME)";
				SWIFT_EMIT_LOC_STRINGS = NO;
				SWIFT_VERSION = 5.0;
				TARGETED_DEVICE_FAMILY = "1,2";
				TEST_HOST = "$(BUILT_PRODUCTS_DIR)/EmojiMixer.app/$(BUNDLE_EXECUTABLE_FOLDER_PATH)/EmojiMixer";
			};
			name = Release;
		};
/* End XCBuildConfiguration section */

/* Begin XCConfigurationList section */
		8425DE572B164AA500FA1FD5 /* Build configuration list for PBXProject "EmojiMixer" */ = {
			isa = XCConfigurationList;
			buildConfigurations = (
				8425DE6E2B164AA700FA1FD5 /* Debug */,
				8425DE6F2B164AA700FA1FD5 /* Release */,
			);
			defaultConfigurationIsVisible = 0;
			defaultConfigurationName = Release;
		};
		8425DE702B164AA700FA1FD5 /* Build configuration list for PBXNativeTarget "EmojiMixer" */ = {
			isa = XCConfigurationList;
			buildConfigurations = (
				8425DE712B164AA700FA1FD5 /* Debug */,
				8425DE722B164AA700FA1FD5 /* Release */,
			);
			defaultConfigurationIsVisible = 0;
			defaultConfigurationName = Release;
		};
		84755CAE2B94341000E7A5EC /* Build configuration list for PBXNativeTarget "EmojiMixerTests" */ = {
			isa = XCConfigurationList;
			buildConfigurations = (
				84755CAC2B94341000E7A5EC /* Debug */,
				84755CAD2B94341000E7A5EC /* Release */,
			);
			defaultConfigurationIsVisible = 0;
			defaultConfigurationName = Release;
		};
/* End XCConfigurationList section */

/* Begin XCRemoteSwiftPackageReference section */
		84755CAF2B94343600E7A5EC /* XCRemoteSwiftPackageReference "swift-snapshot-testing" */ = {
			isa = XCRemoteSwiftPackageReference;
			repositoryURL = "https://github.com/pointfreeco/swift-snapshot-testing.git";
			requirement = {
				kind = upToNextMajorVersion;
				minimumVersion = 1.15.3;
			};
		};
/* End XCRemoteSwiftPackageReference section */

/* Begin XCSwiftPackageProductDependency section */
		84755CB02B94343600E7A5EC /* InlineSnapshotTesting */ = {
			isa = XCSwiftPackageProductDependency;
			package = 84755CAF2B94343600E7A5EC /* XCRemoteSwiftPackageReference "swift-snapshot-testing" */;
			productName = InlineSnapshotTesting;
		};
		84755CB22B94343600E7A5EC /* SnapshotTesting */ = {
			isa = XCSwiftPackageProductDependency;
			package = 84755CAF2B94343600E7A5EC /* XCRemoteSwiftPackageReference "swift-snapshot-testing" */;
			productName = SnapshotTesting;
		};
/* End XCSwiftPackageProductDependency section */

/* Begin XCVersionGroup section */
		849D20B22B36C3DB005F4576 /* Model.xcdatamodeld */ = {
			isa = XCVersionGroup;
			children = (
				849D20B32B36C3DB005F4576 /* Model.xcdatamodel */,
			);
			currentVersion = 849D20B32B36C3DB005F4576 /* Model.xcdatamodel */;
			path = Model.xcdatamodeld;
			sourceTree = "<group>";
			versionGroupType = wrapper.xcdatamodel;
		};
/* End XCVersionGroup section */
	};
	rootObject = 8425DE542B164AA500FA1FD5 /* Project object */;
}
